
Microsoft Visual Studio Solution File, Format Version 12.00
# Visual Studio Version 16
VisualStudioVersion = 16.0.32002.261
MinimumVisualStudioVersion = 10.0.40219.1
Project("{2150E333-8FDC-42A3-9474-1A3956D46DE8}") = "Database", "Database", "{842230A0-CC50-47B4-B120-94F28BA097C1}"
EndProject
Project("{9A19103F-16F7-4668-BE54-9A1E7A4F7556}") = "TaxDB", "Database\TaxDB.csproj", "{B285D721-CC61-4FB1-A593-C4D046EB30A1}"
EndProject
Global
	GlobalSection(SolutionConfigurationPlatforms) = preSolution
		Debug|Any CPU = Debug|Any CPU
		Release|Any CPU = Release|Any CPU
	EndGlobalSection
	GlobalSection(ProjectConfigurationPlatforms) = postSolution
		{B285D721-CC61-4FB1-A593-C4D046EB30A1}.Debug|Any CPU.ActiveCfg = Debug|Any CPU
		{B285D721-CC61-4FB1-A593-C4D046EB30A1}.Debug|Any CPU.Build.0 = Debug|Any CPU
		{B285D721-CC61-4FB1-A593-C4D046EB30A1}.Release|Any CPU.ActiveCfg = Release|Any CPU
		{B285D721-CC61-4FB1-A593-C4D046EB30A1}.Release|Any CPU.Build.0 = Release|Any CPU
	EndGlobalSection
	GlobalSection(SolutionProperties) = preSolution
		HideSolutionNode = FALSE
	EndGlobalSection
	GlobalSection(NestedProjects) = preSolution
		{B285D721-CC61-4FB1-A593-C4D046EB30A1} = {842230A0-CC50-47B4-B120-94F28BA097C1}
	EndGlobalSection
	GlobalSection(ExtensibilityGlobals) = postSolution
		SolutionGuid = {2D1E9164-7F74-49DA-9FB2-9A9D44B0680B}
	EndGlobalSection
EndGlobal
